// !$*UTF8*$!
{
	archiveVersion = 1;
	classes = {
	};
	objectVersion = 46;
	objects = {

/* Begin PBXBuildFile section */
		219B6621195341B50097DB8A /* Foundation.framework in Frameworks */ = {isa = PBXBuildFile; fileRef = 219B6620195341B50097DB8A /* Foundation.framework */; };
		219B6623195341B50097DB8A /* CoreGraphics.framework in Frameworks */ = {isa = PBXBuildFile; fileRef = 219B6622195341B50097DB8A /* CoreGraphics.framework */; };
		219B6625195341B50097DB8A /* UIKit.framework in Frameworks */ = {isa = PBXBuildFile; fileRef = 219B6624195341B50097DB8A /* UIKit.framework */; };
		219B662B195341B50097DB8A /* InfoPlist.strings in Resources */ = {isa = PBXBuildFile; fileRef = 219B6629195341B50097DB8A /* InfoPlist.strings */; };
		219B662D195341B50097DB8A /* main.m in Sources */ = {isa = PBXBuildFile; fileRef = 219B662C195341B50097DB8A /* main.m */; };
		219B6631195341B50097DB8A /* AppDelegate.m in Sources */ = {isa = PBXBuildFile; fileRef = 219B6630195341B50097DB8A /* AppDelegate.m */; };
		219B6634195341B50097DB8A /* Main.storyboard in Resources */ = {isa = PBXBuildFile; fileRef = 219B6632195341B50097DB8A /* Main.storyboard */; };
		219B6637195341B50097DB8A /* ViewController.m in Sources */ = {isa = PBXBuildFile; fileRef = 219B6636195341B50097DB8A /* ViewController.m */; };
		219B6639195341B50097DB8A /* Images.xcassets in Resources */ = {isa = PBXBuildFile; fileRef = 219B6638195341B50097DB8A /* Images.xcassets */; };
		219B6640195341B50097DB8A /* XCTest.framework in Frameworks */ = {isa = PBXBuildFile; fileRef = 219B663F195341B50097DB8A /* XCTest.framework */; };
		219B6641195341B50097DB8A /* Foundation.framework in Frameworks */ = {isa = PBXBuildFile; fileRef = 219B6620195341B50097DB8A /* Foundation.framework */; };
		219B6642195341B50097DB8A /* UIKit.framework in Frameworks */ = {isa = PBXBuildFile; fileRef = 219B6624195341B50097DB8A /* UIKit.framework */; };
		219B664A195341B50097DB8A /* InfoPlist.strings in Resources */ = {isa = PBXBuildFile; fileRef = 219B6648195341B50097DB8A /* InfoPlist.strings */; };
		219B664C195341B50097DB8A /* EFluteTests.m in Sources */ = {isa = PBXBuildFile; fileRef = 219B664B195341B50097DB8A /* EFluteTests.m */; };
/* End PBXBuildFile section */

/* Begin PBXContainerItemProxy section */
		219B6643195341B50097DB8A /* PBXContainerItemProxy */ = {
			isa = PBXContainerItemProxy;
			containerPortal = 219B6615195341B50097DB8A /* Project object */;
			proxyType = 1;
			remoteGlobalIDString = 219B661C195341B50097DB8A;
			remoteInfo = EFlute;
		};
/* End PBXContainerItemProxy section */

/* Begin PBXFileReference section */
		219B661D195341B50097DB8A /* EFlute.app */ = {isa = PBXFileReference; explicitFileType = wrapper.application; includeInIndex = 0; path = EFlute.app; sourceTree = BUILT_PRODUCTS_DIR; };
		219B6620195341B50097DB8A /* Foundation.framework */ = {isa = PBXFileReference; lastKnownFileType = wrapper.framework; name = Foundation.framework; path = System/Library/Frameworks/Foundation.framework; sourceTree = SDKROOT; };
		219B6622195341B50097DB8A /* CoreGraphics.framework */ = {isa = PBXFileReference; lastKnownFileType = wrapper.framework; name = CoreGraphics.framework; path = System/Library/Frameworks/CoreGraphics.framework; sourceTree = SDKROOT; };
		219B6624195341B50097DB8A /* UIKit.framework */ = {isa = PBXFileReference; lastKnownFileType = wrapper.framework; name = UIKit.framework; path = System/Library/Frameworks/UIKit.framework; sourceTree = SDKROOT; };
		219B6628195341B50097DB8A /* EFlute-Info.plist */ = {isa = PBXFileReference; lastKnownFileType = text.plist.xml; path = "EFlute-Info.plist"; sourceTree = "<group>"; };
		219B662A195341B50097DB8A /* en */ = {isa = PBXFileReference; lastKnownFileType = text.plist.strings; name = en; path = en.lproj/InfoPlist.strings; sourceTree = "<group>"; };
		219B662C195341B50097DB8A /* main.m */ = {isa = PBXFileReference; lastKnownFileType = sourcecode.c.objc; path = main.m; sourceTree = "<group>"; };
		219B662E195341B50097DB8A /* EFlute-Prefix.pch */ = {isa = PBXFileReference; lastKnownFileType = sourcecode.c.h; path = "EFlute-Prefix.pch"; sourceTree = "<group>"; };
		219B662F195341B50097DB8A /* AppDelegate.h */ = {isa = PBXFileReference; lastKnownFileType = sourcecode.c.h; path = AppDelegate.h; sourceTree = "<group>"; };
		219B6630195341B50097DB8A /* AppDelegate.m */ = {isa = PBXFileReference; lastKnownFileType = sourcecode.c.objc; path = AppDelegate.m; sourceTree = "<group>"; };
		219B6633195341B50097DB8A /* Base */ = {isa = PBXFileReference; lastKnownFileType = file.storyboard; name = Base; path = Base.lproj/Main.storyboard; sourceTree = "<group>"; };
		219B6635195341B50097DB8A /* ViewController.h */ = {isa = PBXFileReference; lastKnownFileType = sourcecode.c.h; path = ViewController.h; sourceTree = "<group>"; };
		219B6636195341B50097DB8A /* ViewController.m */ = {isa = PBXFileReference; lastKnownFileType = sourcecode.c.objc; path = ViewController.m; sourceTree = "<group>"; };
		219B6638195341B50097DB8A /* Images.xcassets */ = {isa = PBXFileReference; lastKnownFileType = folder.assetcatalog; path = Images.xcassets; sourceTree = "<group>"; };
		219B663E195341B50097DB8A /* EFluteTests.xctest */ = {isa = PBXFileReference; explicitFileType = wrapper.cfbundle; includeInIndex = 0; path = EFluteTests.xctest; sourceTree = BUILT_PRODUCTS_DIR; };
		219B663F195341B50097DB8A /* XCTest.framework */ = {isa = PBXFileReference; lastKnownFileType = wrapper.framework; name = XCTest.framework; path = Library/Frameworks/XCTest.framework; sourceTree = DEVELOPER_DIR; };
		219B6647195341B50097DB8A /* EFluteTests-Info.plist */ = {isa = PBXFileReference; lastKnownFileType = text.plist.xml; path = "EFluteTests-Info.plist"; sourceTree = "<group>"; };
		219B6649195341B50097DB8A /* en */ = {isa = PBXFileReference; lastKnownFileType = text.plist.strings; name = en; path = en.lproj/InfoPlist.strings; sourceTree = "<group>"; };
		219B664B195341B50097DB8A /* EFluteTests.m */ = {isa = PBXFileReference; lastKnownFileType = sourcecode.c.objc; path = EFluteTests.m; sourceTree = "<group>"; };
/* End PBXFileReference section */

/* Begin PBXFrameworksBuildPhase section */
		219B661A195341B50097DB8A /* Frameworks */ = {
			isa = PBXFrameworksBuildPhase;
			buildActionMask = 2147483647;
			files = (
				219B6623195341B50097DB8A /* CoreGraphics.framework in Frameworks */,
				219B6625195341B50097DB8A /* UIKit.framework in Frameworks */,
				219B6621195341B50097DB8A /* Foundation.framework in Frameworks */,
			);
			runOnlyForDeploymentPostprocessing = 0;
		};
		219B663B195341B50097DB8A /* Frameworks */ = {
			isa = PBXFrameworksBuildPhase;
			buildActionMask = 2147483647;
			files = (
				219B6640195341B50097DB8A /* XCTest.framework in Frameworks */,
				219B6642195341B50097DB8A /* UIKit.framework in Frameworks */,
				219B6641195341B50097DB8A /* Foundation.framework in Frameworks */,
			);
			runOnlyForDeploymentPostprocessing = 0;
		};
/* End PBXFrameworksBuildPhase section */

/* Begin PBXGroup section */
		219B6614195341B50097DB8A = {
			isa = PBXGroup;
			children = (
				219B6626195341B50097DB8A /* EFlute */,
				219B6645195341B50097DB8A /* EFluteTests */,
				219B661F195341B50097DB8A /* Frameworks */,
				219B661E195341B50097DB8A /* Products */,
			);
			sourceTree = "<group>";
		};
		219B661E195341B50097DB8A /* Products */ = {
			isa = PBXGroup;
			children = (
				219B661D195341B50097DB8A /* EFlute.app */,
				219B663E195341B50097DB8A /* EFluteTests.xctest */,
			);
			name = Products;
			sourceTree = "<group>";
		};
		219B661F195341B50097DB8A /* Frameworks */ = {
			isa = PBXGroup;
			children = (
				219B6620195341B50097DB8A /* Foundation.framework */,
				219B6622195341B50097DB8A /* CoreGraphics.framework */,
				219B6624195341B50097DB8A /* UIKit.framework */,
				219B663F195341B50097DB8A /* XCTest.framework */,
			);
			name = Frameworks;
			sourceTree = "<group>";
		};
		219B6626195341B50097DB8A /* EFlute */ = {
			isa = PBXGroup;
			children = (
				219B662F195341B50097DB8A /* AppDelegate.h */,
				219B6630195341B50097DB8A /* AppDelegate.m */,
				219B6632195341B50097DB8A /* Main.storyboard */,
				219B6635195341B50097DB8A /* ViewController.h */,
				219B6636195341B50097DB8A /* ViewController.m */,
				219B6638195341B50097DB8A /* Images.xcassets */,
				219B6627195341B50097DB8A /* Supporting Files */,
			);
			path = EFlute;
			sourceTree = "<group>";
		};
		219B6627195341B50097DB8A /* Supporting Files */ = {
			isa = PBXGroup;
			children = (
				219B6628195341B50097DB8A /* EFlute-Info.plist */,
				219B6629195341B50097DB8A /* InfoPlist.strings */,
				219B662C195341B50097DB8A /* main.m */,
				219B662E195341B50097DB8A /* EFlute-Prefix.pch */,
			);
			name = "Supporting Files";
			sourceTree = "<group>";
		};
		219B6645195341B50097DB8A /* EFluteTests */ = {
			isa = PBXGroup;
			children = (
				219B664B195341B50097DB8A /* EFluteTests.m */,
				219B6646195341B50097DB8A /* Supporting Files */,
			);
			path = EFluteTests;
			sourceTree = "<group>";
		};
		219B6646195341B50097DB8A /* Supporting Files */ = {
			isa = PBXGroup;
			children = (
				219B6647195341B50097DB8A /* EFluteTests-Info.plist */,
				219B6648195341B50097DB8A /* InfoPlist.strings */,
			);
			name = "Supporting Files";
			sourceTree = "<group>";
		};
/* End PBXGroup section */

/* Begin PBXNativeTarget section */
		219B661C195341B50097DB8A /* EFlute */ = {
			isa = PBXNativeTarget;
			buildConfigurationList = 219B664F195341B60097DB8A /* Build configuration list for PBXNativeTarget "EFlute" */;
			buildPhases = (
				219B6619195341B50097DB8A /* Sources */,
				219B661A195341B50097DB8A /* Frameworks */,
				219B661B195341B50097DB8A /* Resources */,
			);
			buildRules = (
			);
			dependencies = (
			);
			name = EFlute;
			productName = EFlute;
			productReference = 219B661D195341B50097DB8A /* EFlute.app */;
			productType = "com.apple.product-type.application";
		};
		219B663D195341B50097DB8A /* EFluteTests */ = {
			isa = PBXNativeTarget;
			buildConfigurationList = 219B6652195341B60097DB8A /* Build configuration list for PBXNativeTarget "EFluteTests" */;
			buildPhases = (
				219B663A195341B50097DB8A /* Sources */,
				219B663B195341B50097DB8A /* Frameworks */,
				219B663C195341B50097DB8A /* Resources */,
			);
			buildRules = (
			);
			dependencies = (
				219B6644195341B50097DB8A /* PBXTargetDependency */,
			);
			name = EFluteTests;
			productName = EFluteTests;
			productReference = 219B663E195341B50097DB8A /* EFluteTests.xctest */;
			productType = "com.apple.product-type.bundle.unit-test";
		};
/* End PBXNativeTarget section */

/* Begin PBXProject section */
		219B6615195341B50097DB8A /* Project object */ = {
			isa = PBXProject;
			attributes = {
				LastUpgradeCheck = 0500;
				ORGANIZATIONNAME = liuwh;
				TargetAttributes = {
					219B663D195341B50097DB8A = {
						TestTargetID = 219B661C195341B50097DB8A;
					};
				};
			};
			buildConfigurationList = 219B6618195341B50097DB8A /* Build configuration list for PBXProject "EFlute" */;
			compatibilityVersion = "Xcode 3.2";
			developmentRegion = English;
			hasScannedForEncodings = 0;
			knownRegions = (
				en,
				Base,
			);
			mainGroup = 219B6614195341B50097DB8A;
			productRefGroup = 219B661E195341B50097DB8A /* Products */;
			projectDirPath = "";
			projectRoot = "";
			targets = (
				219B661C195341B50097DB8A /* EFlute */,
				219B663D195341B50097DB8A /* EFluteTests */,
			);
		};
/* End PBXProject section */

/* Begin PBXResourcesBuildPhase section */
		219B661B195341B50097DB8A /* Resources */ = {
			isa = PBXResourcesBuildPhase;
			buildActionMask = 2147483647;
			files = (
				219B6639195341B50097DB8A /* Images.xcassets in Resources */,
				219B662B195341B50097DB8A /* InfoPlist.strings in Resources */,
				219B6634195341B50097DB8A /* Main.storyboard in Resources */,
			);
			runOnlyForDeploymentPostprocessing = 0;
		};
		219B663C195341B50097DB8A /* Resources */ = {
			isa = PBXResourcesBuildPhase;
			buildActionMask = 2147483647;
			files = (
				219B664A195341B50097DB8A /* InfoPlist.strings in Resources */,
			);
			runOnlyForDeploymentPostprocessing = 0;
		};
/* End PBXResourcesBuildPhase section */

/* Begin PBXSourcesBuildPhase section */
		219B6619195341B50097DB8A /* Sources */ = {
			isa = PBXSourcesBuildPhase;
			buildActionMask = 2147483647;
			files = (
				219B6637195341B50097DB8A /* ViewController.m in Sources */,
				219B6631195341B50097DB8A /* AppDelegate.m in Sources */,
				219B662D195341B50097DB8A /* main.m in Sources */,
			);
			runOnlyForDeploymentPostprocessing = 0;
		};
		219B663A195341B50097DB8A /* Sources */ = {
			isa = PBXSourcesBuildPhase;
			buildActionMask = 2147483647;
			files = (
				219B664C195341B50097DB8A /* EFluteTests.m in Sources */,
			);
			runOnlyForDeploymentPostprocessing = 0;
		};
/* End PBXSourcesBuildPhase section */

/* Begin PBXTargetDependency section */
		219B6644195341B50097DB8A /* PBXTargetDependency */ = {
			isa = PBXTargetDependency;
			target = 219B661C195341B50097DB8A /* EFlute */;
			targetProxy = 219B6643195341B50097DB8A /* PBXContainerItemProxy */;
		};
/* End PBXTargetDependency section */

/* Begin PBXVariantGroup section */
		219B6629195341B50097DB8A /* InfoPlist.strings */ = {
			isa = PBXVariantGroup;
			children = (
				219B662A195341B50097DB8A /* en */,
			);
			name = InfoPlist.strings;
			sourceTree = "<group>";
		};
		219B6632195341B50097DB8A /* Main.storyboard */ = {
			isa = PBXVariantGroup;
			children = (
				219B6633195341B50097DB8A /* Base */,
			);
			name = Main.storyboard;
			sourceTree = "<group>";
		};
		219B6648195341B50097DB8A /* InfoPlist.strings */ = {
			isa = PBXVariantGroup;
			children = (
				219B6649195341B50097DB8A /* en */,
			);
			name = InfoPlist.strings;
			sourceTree = "<group>";
		};
/* End PBXVariantGroup section */

/* Begin XCBuildConfiguration section */
		219B664D195341B60097DB8A /* Debug */ = {
			isa = XCBuildConfiguration;
			buildSettings = {
				ALWAYS_SEARCH_USER_PATHS = NO;
				ARCHS = "$(ARCHS_STANDARD_INCLUDING_64_BIT)";
				CLANG_CXX_LANGUAGE_STANDARD = "gnu++0x";
				CLANG_CXX_LIBRARY = "libc++";
				CLANG_ENABLE_MODULES = YES;
				CLANG_ENABLE_OBJC_ARC = YES;
				CLANG_WARN_BOOL_CONVERSION = YES;
				CLANG_WARN_CONSTANT_CONVERSION = YES;
				CLANG_WARN_DIRECT_OBJC_ISA_USAGE = YES_ERROR;
				CLANG_WARN_EMPTY_BODY = YES;
				CLANG_WARN_ENUM_CONVERSION = YES;
				CLANG_WARN_INT_CONVERSION = YES;
				CLANG_WARN_OBJC_ROOT_CLASS = YES_ERROR;
				CLANG_WARN__DUPLICATE_METHOD_MATCH = YES;
				"CODE_SIGN_IDENTITY[sdk=iphoneos*]" = "iPhone Developer";
				COPY_PHASE_STRIP = NO;
				GCC_C_LANGUAGE_STANDARD = gnu99;
				GCC_DYNAMIC_NO_PIC = NO;
				GCC_OPTIMIZATION_LEVEL = 0;
				GCC_PREPROCESSOR_DEFINITIONS = (
					"DEBUG=1",
					"$(inherited)",
				);
				GCC_SYMBOLS_PRIVATE_EXTERN = NO;
				GCC_WARN_64_TO_32_BIT_CONVERSION = YES;
				GCC_WARN_ABOUT_RETURN_TYPE = YES_ERROR;
				GCC_WARN_UNDECLARED_SELECTOR = YES;
				GCC_WARN_UNINITIALIZED_AUTOS = YES;
				GCC_WARN_UNUSED_FUNCTION = YES;
				GCC_WARN_UNUSED_VARIABLE = YES;
				IPHONEOS_DEPLOYMENT_TARGET = 7.0;
				ONLY_ACTIVE_ARCH = YES;
				SDKROOT = iphoneos;
			};
			name = Debug;
		};
		219B664E195341B60097DB8A /* Release */ = {
			isa = XCBuildConfiguration;
			buildSettings = {
				ALWAYS_SEARCH_USER_PATHS = NO;
				ARCHS = "$(ARCHS_STANDARD_INCLUDING_64_BIT)";
				CLANG_CXX_LANGUAGE_STANDARD = "gnu++0x";
				CLANG_CXX_LIBRARY = "libc++";
				CLANG_ENABLE_MODULES = YES;
				CLANG_ENABLE_OBJC_ARC = YES;
				CLANG_WARN_BOOL_CONVERSION = YES;
				CLANG_WARN_CONSTANT_CONVERSION = YES;
				CLANG_WARN_DIRECT_OBJC_ISA_USAGE = YES_ERROR;
				CLANG_WARN_EMPTY_BODY = YES;
				CLANG_WARN_ENUM_CONVERSION = YES;
				CLANG_WARN_INT_CONVERSION = YES;
				CLANG_WARN_OBJC_ROOT_CLASS = YES_ERROR;
				CLANG_WARN__DUPLICATE_METHOD_MATCH = YES;
				"CODE_SIGN_IDENTITY[sdk=iphoneos*]" = "iPhone Developer";
				COPY_PHASE_STRIP = YES;
				ENABLE_NS_ASSERTIONS = NO;
				GCC_C_LANGUAGE_STANDARD = gnu99;
				GCC_WARN_64_TO_32_BIT_CONVERSION = YES;
				GCC_WARN_ABOUT_RETURN_TYPE = YES_ERROR;
				GCC_WARN_UNDECLARED_SELECTOR = YES;
				GCC_WARN_UNINITIALIZED_AUTOS = YES;
				GCC_WARN_UNUSED_FUNCTION = YES;
				GCC_WARN_UNUSED_VARIABLE = YES;
				IPHONEOS_DEPLOYMENT_TARGET = 7.0;
				SDKROOT = iphoneos;
				VALIDATE_PRODUCT = YES;
			};
			name = Release;
		};
		219B6650195341B60097DB8A /* Debug */ = {
			isa = XCBuildConfiguration;
			buildSettings = {
				ASSETCATALOG_COMPILER_APPICON_NAME = AppIcon;
				ASSETCATALOG_COMPILER_LAUNCHIMAGE_NAME = LaunchImage;
				GCC_PRECOMPILE_PREFIX_HEADER = YES;
				GCC_PREFIX_HEADER = "EFlute/EFlute-Prefix.pch";
				INFOPLIST_FILE = "EFlute/EFlute-Info.plist";
				PRODUCT_NAME = "$(TARGET_NAME)";
				WRAPPER_EXTENSION = app;
			};
			name = Debug;
		};
		219B6651195341B60097DB8A /* Release */ = {
			isa = XCBuildConfiguration;
			buildSettings = {
				ASSETCATALOG_COMPILER_APPICON_NAME = AppIcon;
				ASSETCATALOG_COMPILER_LAUNCHIMAGE_NAME = LaunchImage;
				GCC_PRECOMPILE_PREFIX_HEADER = YES;
				GCC_PREFIX_HEADER = "EFlute/EFlute-Prefix.pch";
				INFOPLIST_FILE = "EFlute/EFlute-Info.plist";
				PRODUCT_NAME = "$(TARGET_NAME)";
				WRAPPER_EXTENSION = app;
			};
			name = Release;
		};
		219B6653195341B60097DB8A /* Debug */ = {
			isa = XCBuildConfiguration;
			buildSettings = {
				ARCHS = "$(ARCHS_STANDARD_INCLUDING_64_BIT)";
				BUNDLE_LOADER = "$(BUILT_PRODUCTS_DIR)/EFlute.app/EFlute";
				FRAMEWORK_SEARCH_PATHS = (
					"$(SDKROOT)/Developer/Library/Frameworks",
					"$(inherited)",
					"$(DEVELOPER_FRAMEWORKS_DIR)",
				);
				GCC_PRECOMPILE_PREFIX_HEADER = YES;
				GCC_PREFIX_HEADER = "EFlute/EFlute-Prefix.pch";
				GCC_PREPROCESSOR_DEFINITIONS = (
					"DEBUG=1",
					"$(inherited)",
				);
				INFOPLIST_FILE = "EFluteTests/EFluteTests-Info.plist";
				PRODUCT_NAME = "$(TARGET_NAME)";
				TEST_HOST = "$(BUNDLE_LOADER)";
				WRAPPER_EXTENSION = xctest;
			};
			name = Debug;
		};
		219B6654195341B60097DB8A /* Release */ = {
			isa = XCBuildConfiguration;
			buildSettings = {
				ARCHS = "$(ARCHS_STANDARD_INCLUDING_64_BIT)";
				BUNDLE_LOADER = "$(BUILT_PRODUCTS_DIR)/EFlute.app/EFlute";
				FRAMEWORK_SEARCH_PATHS = (
					"$(SDKROOT)/Developer/Library/Frameworks",
					"$(inherited)",
					"$(DEVELOPER_FRAMEWORKS_DIR)",
				);
				GCC_PRECOMPILE_PREFIX_HEADER = YES;
				GCC_PREFIX_HEADER = "EFlute/EFlute-Prefix.pch";
				INFOPLIST_FILE = "EFluteTests/EFluteTests-Info.plist";
				PRODUCT_NAME = "$(TARGET_NAME)";
				TEST_HOST = "$(BUNDLE_LOADER)";
				WRAPPER_EXTENSION = xctest;
			};
			name = Release;
		};
/* End XCBuildConfiguration section */

/* Begin XCConfigurationList section */
		219B6618195341B50097DB8A /* Build configuration list for PBXProject "EFlute" */ = {
			isa = XCConfigurationList;
			buildConfigurations = (
				219B664D195341B60097DB8A /* Debug */,
				219B664E195341B60097DB8A /* Release */,
			);
			defaultConfigurationIsVisible = 0;
			defaultConfigurationName = Release;
		};
		219B664F195341B60097DB8A /* Build configuration list for PBXNativeTarget "EFlute" */ = {
			isa = XCConfigurationList;
			buildConfigurations = (
				219B6650195341B60097DB8A /* Debug */,
				219B6651195341B60097DB8A /* Release */,
			);
			defaultConfigurationIsVisible = 0;
		};
		219B6652195341B60097DB8A /* Build configuration list for PBXNativeTarget "EFluteTests" */ = {
			isa = XCConfigurationList;
			buildConfigurations = (
				219B6653195341B60097DB8A /* Debug */,
				219B6654195341B60097DB8A /* Release */,
			);
			defaultConfigurationIsVisible = 0;
		};
/* End XCConfigurationList section */
	};
	rootObject = 219B6615195341B50097DB8A /* Project object */;
}
